// !$*UTF8*$!
{
	archiveVersion = 1;
	classes = {
	};
	objectVersion = 55;
	objects = {

/* Begin PBXBuildFile section */
		92F290EAC164FF68641F5F18 /* Pods_Axsvpn_Test.framework in Frameworks */ = {isa = PBXBuildFile; fileRef = B3C6E4003A9C3B7D1DC87ED5 /* Pods_Axsvpn_Test.framework */; };
		F50AFB52284AB8A1000F533E /* API.swift in Sources */ = {isa = PBXBuildFile; fileRef = F50AFB51284AB8A1000F533E /* API.swift */; };
		F50AFB55284ABAC2000F533E /* MediaLayer.swift in Sources */ = {isa = PBXBuildFile; fileRef = F50AFB54284ABAC2000F533E /* MediaLayer.swift */; };
		F50AFB58284ABD64000F533E /* MediaLibrary.swift in Sources */ = {isa = PBXBuildFile; fileRef = F50AFB57284ABD64000F533E /* MediaLibrary.swift */; };
		F50AFB5A284AC8DE000F533E /* Storage.swift in Sources */ = {isa = PBXBuildFile; fileRef = F50AFB59284AC8DE000F533E /* Storage.swift */; };
		F56A77BF284BD9450025A034 /* ErrorModel.swift in Sources */ = {isa = PBXBuildFile; fileRef = F56A77BE284BD9450025A034 /* ErrorModel.swift */; };
		F56A77C1284BDD2B0025A034 /* ProgramVC.swift in Sources */ = {isa = PBXBuildFile; fileRef = F56A77C0284BDD2B0025A034 /* ProgramVC.swift */; };
		F56A77C3284BDD460025A034 /* MapVC.swift in Sources */ = {isa = PBXBuildFile; fileRef = F56A77C2284BDD460025A034 /* MapVC.swift */; };
		F56A77C6284BDDE50025A034 /* Utils.swift in Sources */ = {isa = PBXBuildFile; fileRef = F56A77C5284BDDE50025A034 /* Utils.swift */; };
		F56A77C9284BEA330025A034 /* ProgramCell.swift in Sources */ = {isa = PBXBuildFile; fileRef = F56A77C8284BEA330025A034 /* ProgramCell.swift */; };
		F56A77CC284BEF4C0025A034 /* Extensions.swift in Sources */ = {isa = PBXBuildFile; fileRef = F56A77CB284BEF4C0025A034 /* Extensions.swift */; };
		F56A77CE284BFB0B0025A034 /* ProgramDetailVC.swift in Sources */ = {isa = PBXBuildFile; fileRef = F56A77CD284BFB0B0025A034 /* ProgramDetailVC.swift */; };
		F56A77D0284C04AA0025A034 /* TrackCell.swift in Sources */ = {isa = PBXBuildFile; fileRef = F56A77CF284C04AA0025A034 /* TrackCell.swift */; };
		F580E9DA284AADBA00B3D071 /* AppDelegate.swift in Sources */ = {isa = PBXBuildFile; fileRef = F580E9D9284AADBA00B3D071 /* AppDelegate.swift */; };
		F580E9DC284AADBA00B3D071 /* SceneDelegate.swift in Sources */ = {isa = PBXBuildFile; fileRef = F580E9DB284AADBA00B3D071 /* SceneDelegate.swift */; };
		F580E9DE284AADBA00B3D071 /* StartVC.swift in Sources */ = {isa = PBXBuildFile; fileRef = F580E9DD284AADBA00B3D071 /* StartVC.swift */; };
		F580E9E1284AADBA00B3D071 /* Main.storyboard in Resources */ = {isa = PBXBuildFile; fileRef = F580E9DF284AADBA00B3D071 /* Main.storyboard */; };
		F580E9E3284AADBB00B3D071 /* Assets.xcassets in Resources */ = {isa = PBXBuildFile; fileRef = F580E9E2284AADBB00B3D071 /* Assets.xcassets */; };
		F580E9E6284AADBB00B3D071 /* LaunchScreen.storyboard in Resources */ = {isa = PBXBuildFile; fileRef = F580E9E4284AADBB00B3D071 /* LaunchScreen.storyboard */; };
/* End PBXBuildFile section */

/* Begin PBXFileReference section */
		25F9DE30CFFF495B7B527A5A /* Pods-Axsvpn Test.debug.xcconfig */ = {isa = PBXFileReference; includeInIndex = 1; lastKnownFileType = text.xcconfig; name = "Pods-Axsvpn Test.debug.xcconfig"; path = "Target Support Files/Pods-Axsvpn Test/Pods-Axsvpn Test.debug.xcconfig"; sourceTree = "<group>"; };
		B3C6E4003A9C3B7D1DC87ED5 /* Pods_Axsvpn_Test.framework */ = {isa = PBXFileReference; explicitFileType = wrapper.framework; includeInIndex = 0; path = Pods_Axsvpn_Test.framework; sourceTree = BUILT_PRODUCTS_DIR; };
		D23BA606D6BA035BFB0DD8FC /* Pods-Axsvpn Test.release.xcconfig */ = {isa = PBXFileReference; includeInIndex = 1; lastKnownFileType = text.xcconfig; name = "Pods-Axsvpn Test.release.xcconfig"; path = "Target Support Files/Pods-Axsvpn Test/Pods-Axsvpn Test.release.xcconfig"; sourceTree = "<group>"; };
		F50AFB51284AB8A1000F533E /* API.swift */ = {isa = PBXFileReference; lastKnownFileType = sourcecode.swift; path = API.swift; sourceTree = "<group>"; };
		F50AFB54284ABAC2000F533E /* MediaLayer.swift */ = {isa = PBXFileReference; lastKnownFileType = sourcecode.swift; path = MediaLayer.swift; sourceTree = "<group>"; };
		F50AFB57284ABD64000F533E /* MediaLibrary.swift */ = {isa = PBXFileReference; lastKnownFileType = sourcecode.swift; path = MediaLibrary.swift; sourceTree = "<group>"; };
		F50AFB59284AC8DE000F533E /* Storage.swift */ = {isa = PBXFileReference; lastKnownFileType = sourcecode.swift; path = Storage.swift; sourceTree = "<group>"; };
		F56A77BE284BD9450025A034 /* ErrorModel.swift */ = {isa = PBXFileReference; lastKnownFileType = sourcecode.swift; path = ErrorModel.swift; sourceTree = "<group>"; };
		F56A77C0284BDD2B0025A034 /* ProgramVC.swift */ = {isa = PBXFileReference; lastKnownFileType = sourcecode.swift; path = ProgramVC.swift; sourceTree = "<group>"; };
		F56A77C2284BDD460025A034 /* MapVC.swift */ = {isa = PBXFileReference; lastKnownFileType = sourcecode.swift; path = MapVC.swift; sourceTree = "<group>"; };
		F56A77C5284BDDE50025A034 /* Utils.swift */ = {isa = PBXFileReference; lastKnownFileType = sourcecode.swift; path = Utils.swift; sourceTree = "<group>"; };
		F56A77C8284BEA330025A034 /* ProgramCell.swift */ = {isa = PBXFileReference; lastKnownFileType = sourcecode.swift; path = ProgramCell.swift; sourceTree = "<group>"; };
		F56A77CB284BEF4C0025A034 /* Extensions.swift */ = {isa = PBXFileReference; lastKnownFileType = sourcecode.swift; path = Extensions.swift; sourceTree = "<group>"; };
		F56A77CD284BFB0B0025A034 /* ProgramDetailVC.swift */ = {isa = PBXFileReference; lastKnownFileType = sourcecode.swift; path = ProgramDetailVC.swift; sourceTree = "<group>"; };
		F56A77CF284C04AA0025A034 /* TrackCell.swift */ = {isa = PBXFileReference; lastKnownFileType = sourcecode.swift; path = TrackCell.swift; sourceTree = "<group>"; };
		F580E9D6284AADBA00B3D071 /* Axsvpn Test.app */ = {isa = PBXFileReference; explicitFileType = wrapper.application; includeInIndex = 0; path = "Axsvpn Test.app"; sourceTree = BUILT_PRODUCTS_DIR; };
		F580E9D9284AADBA00B3D071 /* AppDelegate.swift */ = {isa = PBXFileReference; lastKnownFileType = sourcecode.swift; path = AppDelegate.swift; sourceTree = "<group>"; };
		F580E9DB284AADBA00B3D071 /* SceneDelegate.swift */ = {isa = PBXFileReference; lastKnownFileType = sourcecode.swift; path = SceneDelegate.swift; sourceTree = "<group>"; };
		F580E9DD284AADBA00B3D071 /* StartVC.swift */ = {isa = PBXFileReference; lastKnownFileType = sourcecode.swift; path = StartVC.swift; sourceTree = "<group>"; };
		F580E9E0284AADBA00B3D071 /* Base */ = {isa = PBXFileReference; lastKnownFileType = file.storyboard; name = Base; path = Base.lproj/Main.storyboard; sourceTree = "<group>"; };
		F580E9E2284AADBB00B3D071 /* Assets.xcassets */ = {isa = PBXFileReference; lastKnownFileType = folder.assetcatalog; path = Assets.xcassets; sourceTree = "<group>"; };
		F580E9E5284AADBB00B3D071 /* Base */ = {isa = PBXFileReference; lastKnownFileType = file.storyboard; name = Base; path = Base.lproj/LaunchScreen.storyboard; sourceTree = "<group>"; };
		F580E9E7284AADBB00B3D071 /* Info.plist */ = {isa = PBXFileReference; lastKnownFileType = text.plist.xml; path = Info.plist; sourceTree = "<group>"; };
/* End PBXFileReference section */

/* Begin PBXFrameworksBuildPhase section */
		F580E9D3284AADBA00B3D071 /* Frameworks */ = {
			isa = PBXFrameworksBuildPhase;
			buildActionMask = 2147483647;
			files = (
				92F290EAC164FF68641F5F18 /* Pods_Axsvpn_Test.framework in Frameworks */,
			);
			runOnlyForDeploymentPostprocessing = 0;
		};
/* End PBXFrameworksBuildPhase section */

/* Begin PBXGroup section */
		6D6D78040D549B25A2567787 /* Frameworks */ = {
			isa = PBXGroup;
			children = (
				B3C6E4003A9C3B7D1DC87ED5 /* Pods_Axsvpn_Test.framework */,
			);
			name = Frameworks;
			sourceTree = "<group>";
		};
		716142EEE941CDABEE768C10 /* Pods */ = {
			isa = PBXGroup;
			children = (
				25F9DE30CFFF495B7B527A5A /* Pods-Axsvpn Test.debug.xcconfig */,
				D23BA606D6BA035BFB0DD8FC /* Pods-Axsvpn Test.release.xcconfig */,
			);
			path = Pods;
			sourceTree = "<group>";
		};
		F50AFB50284AB888000F533E /* Service */ = {
			isa = PBXGroup;
			children = (
				F50AFB56284ABD1A000F533E /* Model */,
				F50AFB51284AB8A1000F533E /* API.swift */,
				F50AFB54284ABAC2000F533E /* MediaLayer.swift */,
				F50AFB59284AC8DE000F533E /* Storage.swift */,
			);
			path = Service;
			sourceTree = "<group>";
		};
		F50AFB53284AB8AE000F533E /* Controllers */ = {
			isa = PBXGroup;
			children = (
				F56A77C7284BEA080025A034 /* View */,
				F580E9DD284AADBA00B3D071 /* StartVC.swift */,
				F56A77C0284BDD2B0025A034 /* ProgramVC.swift */,
				F56A77C2284BDD460025A034 /* MapVC.swift */,
				F56A77CD284BFB0B0025A034 /* ProgramDetailVC.swift */,
			);
			path = Controllers;
			sourceTree = "<group>";
		};
		F50AFB56284ABD1A000F533E /* Model */ = {
			isa = PBXGroup;
			children = (
				F50AFB57284ABD64000F533E /* MediaLibrary.swift */,
				F56A77BE284BD9450025A034 /* ErrorModel.swift */,
			);
			path = Model;
			sourceTree = "<group>";
		};
		F56A77C4284BDDD40025A034 /* Utils */ = {
			isa = PBXGroup;
			children = (
				F56A77C5284BDDE50025A034 /* Utils.swift */,
			);
			path = Utils;
			sourceTree = "<group>";
		};
		F56A77C7284BEA080025A034 /* View */ = {
			isa = PBXGroup;
			children = (
				F56A77C8284BEA330025A034 /* ProgramCell.swift */,
				F56A77CF284C04AA0025A034 /* TrackCell.swift */,
			);
			path = View;
			sourceTree = "<group>";
		};
		F56A77CA284BEF300025A034 /* Extensions */ = {
			isa = PBXGroup;
			children = (
				F56A77CB284BEF4C0025A034 /* Extensions.swift */,
			);
			path = Extensions;
			sourceTree = "<group>";
		};
		F580E9CD284AADBA00B3D071 = {
			isa = PBXGroup;
			children = (
				F580E9D8284AADBA00B3D071 /* Axsvpn Test */,
				F580E9D7284AADBA00B3D071 /* Products */,
				716142EEE941CDABEE768C10 /* Pods */,
				6D6D78040D549B25A2567787 /* Frameworks */,
			);
			sourceTree = "<group>";
		};
		F580E9D7284AADBA00B3D071 /* Products */ = {
			isa = PBXGroup;
			children = (
				F580E9D6284AADBA00B3D071 /* Axsvpn Test.app */,
			);
			name = Products;
			sourceTree = "<group>";
		};
		F580E9D8284AADBA00B3D071 /* Axsvpn Test */ = {
			isa = PBXGroup;
			children = (
				F56A77CA284BEF300025A034 /* Extensions */,
				F56A77C4284BDDD40025A034 /* Utils */,
				F50AFB53284AB8AE000F533E /* Controllers */,
				F50AFB50284AB888000F533E /* Service */,
				F580E9D9284AADBA00B3D071 /* AppDelegate.swift */,
				F580E9DB284AADBA00B3D071 /* SceneDelegate.swift */,
				F580E9DF284AADBA00B3D071 /* Main.storyboard */,
				F580E9E2284AADBB00B3D071 /* Assets.xcassets */,
				F580E9E4284AADBB00B3D071 /* LaunchScreen.storyboard */,
				F580E9E7284AADBB00B3D071 /* Info.plist */,
			);
			path = "Axsvpn Test";
			sourceTree = "<group>";
		};
/* End PBXGroup section */

/* Begin PBXNativeTarget section */
		F580E9D5284AADBA00B3D071 /* Axsvpn Test */ = {
			isa = PBXNativeTarget;
			buildConfigurationList = F580E9EA284AADBB00B3D071 /* Build configuration list for PBXNativeTarget "Axsvpn Test" */;
			buildPhases = (
				D67ED2B189D85C8E8C9E26A2 /* [CP] Check Pods Manifest.lock */,
				F580E9D2284AADBA00B3D071 /* Sources */,
				F580E9D3284AADBA00B3D071 /* Frameworks */,
				F580E9D4284AADBA00B3D071 /* Resources */,
				3D1E811C3A0AB4F162A7EBED /* [CP] Embed Pods Frameworks */,
			);
			buildRules = (
			);
			dependencies = (
			);
			name = "Axsvpn Test";
			productName = "Axsvpn Test";
			productReference = F580E9D6284AADBA00B3D071 /* Axsvpn Test.app */;
			productType = "com.apple.product-type.application";
		};
/* End PBXNativeTarget section */

/* Begin PBXProject section */
		F580E9CE284AADBA00B3D071 /* Project object */ = {
			isa = PBXProject;
			attributes = {
				BuildIndependentTargetsInParallel = 1;
				LastSwiftUpdateCheck = 1330;
				LastUpgradeCheck = 1330;
				TargetAttributes = {
					F580E9D5284AADBA00B3D071 = {
						CreatedOnToolsVersion = 13.3.1;
					};
				};
			};
			buildConfigurationList = F580E9D1284AADBA00B3D071 /* Build configuration list for PBXProject "Axsvpn Test" */;
			compatibilityVersion = "Xcode 13.0";
			developmentRegion = en;
			hasScannedForEncodings = 0;
			knownRegions = (
				en,
				Base,
			);
			mainGroup = F580E9CD284AADBA00B3D071;
			productRefGroup = F580E9D7284AADBA00B3D071 /* Products */;
			projectDirPath = "";
			projectRoot = "";
			targets = (
				F580E9D5284AADBA00B3D071 /* Axsvpn Test */,
			);
		};
/* End PBXProject section */

/* Begin PBXResourcesBuildPhase section */
		F580E9D4284AADBA00B3D071 /* Resources */ = {
			isa = PBXResourcesBuildPhase;
			buildActionMask = 2147483647;
			files = (
				F580E9E6284AADBB00B3D071 /* LaunchScreen.storyboard in Resources */,
				F580E9E3284AADBB00B3D071 /* Assets.xcassets in Resources */,
				F580E9E1284AADBA00B3D071 /* Main.storyboard in Resources */,
			);
			runOnlyForDeploymentPostprocessing = 0;
		};
/* End PBXResourcesBuildPhase section */

/* Begin PBXShellScriptBuildPhase section */
		3D1E811C3A0AB4F162A7EBED /* [CP] Embed Pods Frameworks */ = {
			isa = PBXShellScriptBuildPhase;
			buildActionMask = 2147483647;
			files = (
			);
			inputFileListPaths = (
				"${PODS_ROOT}/Target Support Files/Pods-Axsvpn Test/Pods-Axsvpn Test-frameworks-${CONFIGURATION}-input-files.xcfilelist",
			);
			name = "[CP] Embed Pods Frameworks";
			outputFileListPaths = (
				"${PODS_ROOT}/Target Support Files/Pods-Axsvpn Test/Pods-Axsvpn Test-frameworks-${CONFIGURATION}-output-files.xcfilelist",
			);
			runOnlyForDeploymentPostprocessing = 0;
			shellPath = /bin/sh;
			shellScript = "\"${PODS_ROOT}/Target Support Files/Pods-Axsvpn Test/Pods-Axsvpn Test-frameworks.sh\"\n";
			showEnvVarsInLog = 0;
		};
		D67ED2B189D85C8E8C9E26A2 /* [CP] Check Pods Manifest.lock */ = {
			isa = PBXShellScriptBuildPhase;
			buildActionMask = 2147483647;
			files = (
			);
			inputFileListPaths = (
			);
			inputPaths = (
				"${PODS_PODFILE_DIR_PATH}/Podfile.lock",
				"${PODS_ROOT}/Manifest.lock",
			);
			name = "[CP] Check Pods Manifest.lock";
			outputFileListPaths = (
			);
			outputPaths = (
				"$(DERIVED_FILE_DIR)/Pods-Axsvpn Test-checkManifestLockResult.txt",
			);
			runOnlyForDeploymentPostprocessing = 0;
			shellPath = /bin/sh;
			shellScript = "diff \"${PODS_PODFILE_DIR_PATH}/Podfile.lock\" \"${PODS_ROOT}/Manifest.lock\" > /dev/null\nif [ $? != 0 ] ; then\n    # print error to STDERR\n    echo \"error: The sandbox is not in sync with the Podfile.lock. Run 'pod install' or update your CocoaPods installation.\" >&2\n    exit 1\nfi\n# This output is used by Xcode 'outputs' to avoid re-running this script phase.\necho \"SUCCESS\" > \"${SCRIPT_OUTPUT_FILE_0}\"\n";
			showEnvVarsInLog = 0;
		};
/* End PBXShellScriptBuildPhase section */

/* Begin PBXSourcesBuildPhase section */
		F580E9D2284AADBA00B3D071 /* Sources */ = {
			isa = PBXSourcesBuildPhase;
			buildActionMask = 2147483647;
			files = (
				F580E9DE284AADBA00B3D071 /* StartVC.swift in Sources */,
				F56A77C1284BDD2B0025A034 /* ProgramVC.swift in Sources */,
				F50AFB5A284AC8DE000F533E /* Storage.swift in Sources */,
				F580E9DA284AADBA00B3D071 /* AppDelegate.swift in Sources */,
				F56A77CE284BFB0B0025A034 /* ProgramDetailVC.swift in Sources */,
				F56A77D0284C04AA0025A034 /* TrackCell.swift in Sources */,
				F56A77C9284BEA330025A034 /* ProgramCell.swift in Sources */,
				F50AFB58284ABD64000F533E /* MediaLibrary.swift in Sources */,
				F50AFB52284AB8A1000F533E /* API.swift in Sources */,
				F50AFB55284ABAC2000F533E /* MediaLayer.swift in Sources */,
				F56A77CC284BEF4C0025A034 /* Extensions.swift in Sources */,
				F56A77C6284BDDE50025A034 /* Utils.swift in Sources */,
				F56A77C3284BDD460025A034 /* MapVC.swift in Sources */,
				F56A77BF284BD9450025A034 /* ErrorModel.swift in Sources */,
				F580E9DC284AADBA00B3D071 /* SceneDelegate.swift in Sources */,
			);
			runOnlyForDeploymentPostprocessing = 0;
		};
/* End PBXSourcesBuildPhase section */

/* Begin PBXVariantGroup section */
		F580E9DF284AADBA00B3D071 /* Main.storyboard */ = {
			isa = PBXVariantGroup;
			children = (
				F580E9E0284AADBA00B3D071 /* Base */,
			);
			name = Main.storyboard;
			sourceTree = "<group>";
		};
		F580E9E4284AADBB00B3D071 /* LaunchScreen.storyboard */ = {
			isa = PBXVariantGroup;
			children = (
				F580E9E5284AADBB00B3D071 /* Base */,
			);
			name = LaunchScreen.storyboard;
			sourceTree = "<group>";
		};
/* End PBXVariantGroup section */

/* Begin XCBuildConfiguration section */
		F580E9E8284AADBB00B3D071 /* Debug */ = {
			isa = XCBuildConfiguration;
			buildSettings = {
				ALWAYS_SEARCH_USER_PATHS = NO;
				CLANG_ANALYZER_NONNULL = YES;
				CLANG_ANALYZER_NUMBER_OBJECT_CONVERSION = YES_AGGRESSIVE;
				CLANG_CXX_LANGUAGE_STANDARD = "gnu++17";
				CLANG_ENABLE_MODULES = YES;
				CLANG_ENABLE_OBJC_ARC = YES;
				CLANG_ENABLE_OBJC_WEAK = YES;
				CLANG_WARN_BLOCK_CAPTURE_AUTORELEASING = YES;
				CLANG_WARN_BOOL_CONVERSION = YES;
				CLANG_WARN_COMMA = YES;
				CLANG_WARN_CONSTANT_CONVERSION = YES;
				CLANG_WARN_DEPRECATED_OBJC_IMPLEMENTATIONS = YES;
				CLANG_WARN_DIRECT_OBJC_ISA_USAGE = YES_ERROR;
				CLANG_WARN_DOCUMENTATION_COMMENTS = YES;
				CLANG_WARN_EMPTY_BODY = YES;
				CLANG_WARN_ENUM_CONVERSION = YES;
				CLANG_WARN_INFINITE_RECURSION = YES;
				CLANG_WARN_INT_CONVERSION = YES;
				CLANG_WARN_NON_LITERAL_NULL_CONVERSION = YES;
				CLANG_WARN_OBJC_IMPLICIT_RETAIN_SELF = YES;
				CLANG_WARN_OBJC_LITERAL_CONVERSION = YES;
				CLANG_WARN_OBJC_ROOT_CLASS = YES_ERROR;
				CLANG_WARN_QUOTED_INCLUDE_IN_FRAMEWORK_HEADER = YES;
				CLANG_WARN_RANGE_LOOP_ANALYSIS = YES;
				CLANG_WARN_STRICT_PROTOTYPES = YES;
				CLANG_WARN_SUSPICIOUS_MOVE = YES;
				CLANG_WARN_UNGUARDED_AVAILABILITY = YES_AGGRESSIVE;
				CLANG_WARN_UNREACHABLE_CODE = YES;
				CLANG_WARN__DUPLICATE_METHOD_MATCH = YES;
				COPY_PHASE_STRIP = NO;
				DEBUG_INFORMATION_FORMAT = dwarf;
				ENABLE_STRICT_OBJC_MSGSEND = YES;
				ENABLE_TESTABILITY = YES;
				GCC_C_LANGUAGE_STANDARD = gnu11;
				GCC_DYNAMIC_NO_PIC = NO;
				GCC_NO_COMMON_BLOCKS = YES;
				GCC_OPTIMIZATION_LEVEL = 0;
				GCC_PREPROCESSOR_DEFINITIONS = (
					"DEBUG=1",
					"$(inherited)",
				);
				GCC_WARN_64_TO_32_BIT_CONVERSION = YES;
				GCC_WARN_ABOUT_RETURN_TYPE = YES_ERROR;
				GCC_WARN_UNDECLARED_SELECTOR = YES;
				GCC_WARN_UNINITIALIZED_AUTOS = YES_AGGRESSIVE;
				GCC_WARN_UNUSED_FUNCTION = YES;
				GCC_WARN_UNUSED_VARIABLE = YES;
				IPHONEOS_DEPLOYMENT_TARGET = 15.4;
				MTL_ENABLE_DEBUG_INFO = INCLUDE_SOURCE;
				MTL_FAST_MATH = YES;
				ONLY_ACTIVE_ARCH = YES;
				SDKROOT = iphoneos;
				SWIFT_ACTIVE_COMPILATION_CONDITIONS = DEBUG;
				SWIFT_OPTIMIZATION_LEVEL = "-Onone";
			};
			name = Debug;
		};
		F580E9E9284AADBB00B3D071 /* Release */ = {
			isa = XCBuildConfiguration;
			buildSettings = {
				ALWAYS_SEARCH_USER_PATHS = NO;
				CLANG_ANALYZER_NONNULL = YES;
				CLANG_ANALYZER_NUMBER_OBJECT_CONVERSION = YES_AGGRESSIVE;
				CLANG_CXX_LANGUAGE_STANDARD = "gnu++17";
				CLANG_ENABLE_MODULES = YES;
				CLANG_ENABLE_OBJC_ARC = YES;
				CLANG_ENABLE_OBJC_WEAK = YES;
				CLANG_WARN_BLOCK_CAPTURE_AUTORELEASING = YES;
				CLANG_WARN_BOOL_CONVERSION = YES;
				CLANG_WARN_COMMA = YES;
				CLANG_WARN_CONSTANT_CONVERSION = YES;
				CLANG_WARN_DEPRECATED_OBJC_IMPLEMENTATIONS = YES;
				CLANG_WARN_DIRECT_OBJC_ISA_USAGE = YES_ERROR;
				CLANG_WARN_DOCUMENTATION_COMMENTS = YES;
				CLANG_WARN_EMPTY_BODY = YES;
				CLANG_WARN_ENUM_CONVERSION = YES;
				CLANG_WARN_INFINITE_RECURSION = YES;
				CLANG_WARN_INT_CONVERSION = YES;
				CLANG_WARN_NON_LITERAL_NULL_CONVERSION = YES;
				CLANG_WARN_OBJC_IMPLICIT_RETAIN_SELF = YES;
				CLANG_WARN_OBJC_LITERAL_CONVERSION = YES;
				CLANG_WARN_OBJC_ROOT_CLASS = YES_ERROR;
				CLANG_WARN_QUOTED_INCLUDE_IN_FRAMEWORK_HEADER = YES;
				CLANG_WARN_RANGE_LOOP_ANALYSIS = YES;
				CLANG_WARN_STRICT_PROTOTYPES = YES;
				CLANG_WARN_SUSPICIOUS_MOVE = YES;
				CLANG_WARN_UNGUARDED_AVAILABILITY = YES_AGGRESSIVE;
				CLANG_WARN_UNREACHABLE_CODE = YES;
				CLANG_WARN__DUPLICATE_METHOD_MATCH = YES;
				COPY_PHASE_STRIP = NO;
				DEBUG_INFORMATION_FORMAT = "dwarf-with-dsym";
				ENABLE_NS_ASSERTIONS = NO;
				ENABLE_STRICT_OBJC_MSGSEND = YES;
				GCC_C_LANGUAGE_STANDARD = gnu11;
				GCC_NO_COMMON_BLOCKS = YES;
				GCC_WARN_64_TO_32_BIT_CONVERSION = YES;
				GCC_WARN_ABOUT_RETURN_TYPE = YES_ERROR;
				GCC_WARN_UNDECLARED_SELECTOR = YES;
				GCC_WARN_UNINITIALIZED_AUTOS = YES_AGGRESSIVE;
				GCC_WARN_UNUSED_FUNCTION = YES;
				GCC_WARN_UNUSED_VARIABLE = YES;
				IPHONEOS_DEPLOYMENT_TARGET = 15.4;
				MTL_ENABLE_DEBUG_INFO = NO;
				MTL_FAST_MATH = YES;
				SDKROOT = iphoneos;
				SWIFT_COMPILATION_MODE = wholemodule;
				SWIFT_OPTIMIZATION_LEVEL = "-O";
				VALIDATE_PRODUCT = YES;
			};
			name = Release;
		};
		F580E9EB284AADBB00B3D071 /* Debug */ = {
			isa = XCBuildConfiguration;
			baseConfigurationReference = 25F9DE30CFFF495B7B527A5A /* Pods-Axsvpn Test.debug.xcconfig */;
			buildSettings = {
				ASSETCATALOG_COMPILER_APPICON_NAME = AppIcon;
				ASSETCATALOG_COMPILER_GLOBAL_ACCENT_COLOR_NAME = AccentColor;
				CODE_SIGN_STYLE = Automatic;
				CURRENT_PROJECT_VERSION = 1;
				DEVELOPMENT_TEAM = 988V52VHD8;
				GENERATE_INFOPLIST_FILE = YES;
				INFOPLIST_FILE = "Axsvpn Test/Info.plist";
				INFOPLIST_KEY_UIApplicationSupportsIndirectInputEvents = YES;
				INFOPLIST_KEY_UILaunchStoryboardName = LaunchScreen;
				INFOPLIST_KEY_UIMainStoryboardFile = Main;
				INFOPLIST_KEY_UISupportedInterfaceOrientations_iPad = "UIInterfaceOrientationPortrait UIInterfaceOrientationPortraitUpsideDown UIInterfaceOrientationLandscapeLeft UIInterfaceOrientationLandscapeRight";
				INFOPLIST_KEY_UISupportedInterfaceOrientations_iPhone = "UIInterfaceOrientationPortrait UIInterfaceOrientationLandscapeLeft UIInterfaceOrientationLandscapeRight";
				IPHONEOS_DEPLOYMENT_TARGET = 13.0;
				LD_RUNPATH_SEARCH_PATHS = (
					"$(inherited)",
					"@executable_path/Frameworks",
				);
				MARKETING_VERSION = 1.0;
				PRODUCT_BUNDLE_IDENTIFIER = "ua.vlad.Axsvpn-Tests";
				PRODUCT_NAME = "$(TARGET_NAME)";
				SWIFT_EMIT_LOC_STRINGS = YES;
				SWIFT_VERSION = 5.0;
				TARGETED_DEVICE_FAMILY = "1,2";
			};
			name = Debug;
		};
		F580E9EC284AADBB00B3D071 /* Release */ = {
			isa = XCBuildConfiguration;
			baseConfigurationReference = D23BA606D6BA035BFB0DD8FC /* Pods-Axsvpn Test.release.xcconfig */;
			buildSettings = {
				ASSETCATALOG_COMPILER_APPICON_NAME = AppIcon;
				ASSETCATALOG_COMPILER_GLOBAL_ACCENT_COLOR_NAME = AccentColor;
				CODE_SIGN_STYLE = Automatic;
				CURRENT_PROJECT_VERSION = 1;
				DEVELOPMENT_TEAM = 988V52VHD8;
				GENERATE_INFOPLIST_FILE = YES;
				INFOPLIST_FILE = "Axsvpn Test/Info.plist";
				INFOPLIST_KEY_UIApplicationSupportsIndirectInputEvents = YES;
				INFOPLIST_KEY_UILaunchStoryboardName = LaunchScreen;
				INFOPLIST_KEY_UIMainStoryboardFile = Main;
				INFOPLIST_KEY_UISupportedInterfaceOrientations_iPad = "UIInterfaceOrientationPortrait UIInterfaceOrientationPortraitUpsideDown UIInterfaceOrientationLandscapeLeft UIInterfaceOrientationLandscapeRight";
				INFOPLIST_KEY_UISupportedInterfaceOrientations_iPhone = "UIInterfaceOrientationPortrait UIInterfaceOrientationLandscapeLeft UIInterfaceOrientationLandscapeRight";
				IPHONEOS_DEPLOYMENT_TARGET = 13.0;
				LD_RUNPATH_SEARCH_PATHS = (
					"$(inherited)",
					"@executable_path/Frameworks",
				);
				MARKETING_VERSION = 1.0;
				PRODUCT_BUNDLE_IDENTIFIER = "ua.vlad.Axsvpn-Tests";
				PRODUCT_NAME = "$(TARGET_NAME)";
				SWIFT_EMIT_LOC_STRINGS = YES;
				SWIFT_VERSION = 5.0;
				TARGETED_DEVICE_FAMILY = "1,2";
			};
			name = Release;
		};
/* End XCBuildConfiguration section */

/* Begin XCConfigurationList section */
		F580E9D1284AADBA00B3D071 /* Build configuration list for PBXProject "Axsvpn Test" */ = {
			isa = XCConfigurationList;
			buildConfigurations = (
				F580E9E8284AADBB00B3D071 /* Debug */,
				F580E9E9284AADBB00B3D071 /* Release */,
			);
			defaultConfigurationIsVisible = 0;
			defaultConfigurationName = Release;
		};
		F580E9EA284AADBB00B3D071 /* Build configuration list for PBXNativeTarget "Axsvpn Test" */ = {
			isa = XCConfigurationList;
			buildConfigurations = (
				F580E9EB284AADBB00B3D071 /* Debug */,
				F580E9EC284AADBB00B3D071 /* Release */,
			);
			defaultConfigurationIsVisible = 0;
			defaultConfigurationName = Release;
		};
/* End XCConfigurationList section */
	};
	rootObject = F580E9CE284AADBA00B3D071 /* Project object */;
}
